
Microsoft Visual Studio Solution File, Format Version 12.00
# Visual Studio Version 16
VisualStudioVersion = 16.0.30011.22
MinimumVisualStudioVersion = 10.0.40219.1
Project("{FAE04EC0-301F-11D3-BF4B-00C04F79EFBC}") = "server", "server\server.csproj", "{8CA91EB8-DF16-48B8-B033-043F4DDC52FD}"
EndProject
Project("{FAE04EC0-301F-11D3-BF4B-00C04F79EFBC}") = "client", "client\client.csproj", "{23C97857-6786-4904-97BD-896F07AE7056}"
EndProject
Global
	GlobalSection(SolutionConfigurationPlatforms) = preSolution
		Debug|Any CPU = Debug|Any CPU
		Release|Any CPU = Release|Any CPU
	EndGlobalSection
	GlobalSection(ProjectConfigurationPlatforms) = postSolution
		{8CA91EB8-DF16-48B8-B033-043F4DDC52FD}.Debug|Any CPU.ActiveCfg = Debug|Any CPU
		{8CA91EB8-DF16-48B8-B033-043F4DDC52FD}.Debug|Any CPU.Build.0 = Debug|Any CPU
		{8CA91EB8-DF16-48B8-B033-043F4DDC52FD}.Release|Any CPU.ActiveCfg = Release|Any CPU
		{8CA91EB8-DF16-48B8-B033-043F4DDC52FD}.Release|Any CPU.Build.0 = Release|Any CPU
		{23C97857-6786-4904-97BD-896F07AE7056}.Debug|Any CPU.ActiveCfg = Debug|Any CPU
		{23C97857-6786-4904-97BD-896F07AE7056}.Debug|Any CPU.Build.0 = Debug|Any CPU
		{23C97857-6786-4904-97BD-896F07AE7056}.Release|Any CPU.ActiveCfg = Release|Any CPU
		{23C97857-6786-4904-97BD-896F07AE7056}.Release|Any CPU.Build.0 = Release|Any CPU
		{D71115EA-EA6B-4AEC-9FE0-3D0AD8AF451A}.Debug|Any CPU.ActiveCfg = Debug|Any CPU
		{D71115EA-EA6B-4AEC-9FE0-3D0AD8AF451A}.Debug|Any CPU.Build.0 = Debug|Any CPU
		{D71115EA-EA6B-4AEC-9FE0-3D0AD8AF451A}.Release|Any CPU.ActiveCfg = Release|Any CPU
		{D71115EA-EA6B-4AEC-9FE0-3D0AD8AF451A}.Release|Any CPU.Build.0 = Release|Any CPU
		{08716C31-0D58-4561-8D37-B4CE20E98D51}.Debug|Any CPU.ActiveCfg = Debug|Any CPU
		{08716C31-0D58-4561-8D37-B4CE20E98D51}.Debug|Any CPU.Build.0 = Debug|Any CPU
		{08716C31-0D58-4561-8D37-B4CE20E98D51}.Release|Any CPU.ActiveCfg = Release|Any CPU
		{08716C31-0D58-4561-8D37-B4CE20E98D51}.Release|Any CPU.Build.0 = Release|Any CPU
	EndGlobalSection
	GlobalSection(SolutionProperties) = preSolution
		HideSolutionNode = FALSE
	EndGlobalSection
	GlobalSection(ExtensibilityGlobals) = postSolution
		SolutionGuid = {B563DD76-9B1F-4D6D-A538-A624282520D9}
	EndGlobalSection
EndGlobal
